
Microsoft Visual Studio Solution File, Format Version 12.00
# Visual Studio Version 17
VisualStudioVersion = 17.10.35013.160
MinimumVisualStudioVersion = 10.0.40219.1
Project("{FAE04EC0-301F-11D3-BF4B-00C04F79EFBC}") = "Basics", "Basics\Basics.csproj", "{ED6CC7AD-EE88-4BBF-93A6-6FB9E8A25EC4}"
EndProject
Global
	GlobalSection(SolutionConfigurationPlatforms) = preSolution
		Debug|Any CPU = Debug|Any CPU
		Release|Any CPU = Release|Any CPU
	EndGlobalSection
	GlobalSection(ProjectConfigurationPlatforms) = postSolution
		{ED6CC7AD-EE88-4BBF-93A6-6FB9E8A25EC4}.Debug|Any CPU.ActiveCfg = Debug|Any CPU
		{ED6CC7AD-EE88-4BBF-93A6-6FB9E8A25EC4}.Debug|Any CPU.Build.0 = Debug|Any CPU
		{ED6CC7AD-EE88-4BBF-93A6-6FB9E8A25EC4}.Release|Any CPU.ActiveCfg = Release|Any CPU
		{ED6CC7AD-EE88-4BBF-93A6-6FB9E8A25EC4}.Release|Any CPU.Build.0 = Release|Any CPU
	EndGlobalSection
	GlobalSection(SolutionProperties) = preSolution
		HideSolutionNode = FALSE
	EndGlobalSection
	GlobalSection(ExtensibilityGlobals) = postSolution
		SolutionGuid = {657B9316-67ED-48C8-BD36-2129D26A7ECB}
	EndGlobalSection
EndGlobal
